// !$*UTF8*$!
{
	archiveVersion = 1;
	classes = {
	};
	objectVersion = 48;
	objects = {

/* Begin PBXBuildFile section */
		5036BBA3200357B200B73300 /* IImageDownloaderService.swift in Sources */ = {isa = PBXBuildFile; fileRef = 5036BBA2200357B200B73300 /* IImageDownloaderService.swift */; };
		5036BBA5200358B800B73300 /* ImageDownloader.swift in Sources */ = {isa = PBXBuildFile; fileRef = 5036BBA4200358B800B73300 /* ImageDownloader.swift */; };
		507DD49D2003F95C0015098C /* DataSource.swift in Sources */ = {isa = PBXBuildFile; fileRef = 507DD49C2003F95C0015098C /* DataSource.swift */; };
		50CD69791FFC19C9000EC9C3 /* AppDelegate.swift in Sources */ = {isa = PBXBuildFile; fileRef = 50CD69781FFC19C9000EC9C3 /* AppDelegate.swift */; };
		50CD697B1FFC19C9000EC9C3 /* BooksListViewController.swift in Sources */ = {isa = PBXBuildFile; fileRef = 50CD697A1FFC19C9000EC9C3 /* BooksListViewController.swift */; };
		50CD697E1FFC19C9000EC9C3 /* Main.storyboard in Resources */ = {isa = PBXBuildFile; fileRef = 50CD697C1FFC19C9000EC9C3 /* Main.storyboard */; };
		50CD69811FFC19C9000EC9C3 /* HBooks.xcdatamodeld in Sources */ = {isa = PBXBuildFile; fileRef = 50CD697F1FFC19C9000EC9C3 /* HBooks.xcdatamodeld */; };
		50CD69831FFC19C9000EC9C3 /* Assets.xcassets in Resources */ = {isa = PBXBuildFile; fileRef = 50CD69821FFC19C9000EC9C3 /* Assets.xcassets */; };
		50CD69861FFC19C9000EC9C3 /* LaunchScreen.storyboard in Resources */ = {isa = PBXBuildFile; fileRef = 50CD69841FFC19C9000EC9C3 /* LaunchScreen.storyboard */; };
		50CD698E1FFC1AA4000EC9C3 /* CoreDataStack.swift in Sources */ = {isa = PBXBuildFile; fileRef = 50CD698D1FFC1AA4000EC9C3 /* CoreDataStack.swift */; };
		50CD69921FFC205A000EC9C3 /* IRequestSender.swift in Sources */ = {isa = PBXBuildFile; fileRef = 50CD69911FFC205A000EC9C3 /* IRequestSender.swift */; };
		50CD69941FFC207D000EC9C3 /* RequestSender.swift in Sources */ = {isa = PBXBuildFile; fileRef = 50CD69931FFC207D000EC9C3 /* RequestSender.swift */; };
		50CD69961FFC24DB000EC9C3 /* RequestMaker.swift in Sources */ = {isa = PBXBuildFile; fileRef = 50CD69951FFC24DB000EC9C3 /* RequestMaker.swift */; };
		50CD699A1FFC2AE4000EC9C3 /* PopularListParser.swift in Sources */ = {isa = PBXBuildFile; fileRef = 50CD69991FFC2AE4000EC9C3 /* PopularListParser.swift */; };
		50CD699C1FFC2FFA000EC9C3 /* RequestsConfigFactory.swift in Sources */ = {isa = PBXBuildFile; fileRef = 50CD699B1FFC2FFA000EC9C3 /* RequestsConfigFactory.swift */; };
		50CD699E1FFC30F8000EC9C3 /* ListDownloaderService.swift in Sources */ = {isa = PBXBuildFile; fileRef = 50CD699D1FFC30F8000EC9C3 /* ListDownloaderService.swift */; };
		50CD69A01FFE33EF000EC9C3 /* String+decodedFromHtml.swift in Sources */ = {isa = PBXBuildFile; fileRef = 50CD699F1FFE33EF000EC9C3 /* String+decodedFromHtml.swift */; };
		50CD69A21FFE3602000EC9C3 /* MainModel.swift in Sources */ = {isa = PBXBuildFile; fileRef = 50CD69A11FFE3602000EC9C3 /* MainModel.swift */; };
		50CD69A41FFE3E2C000EC9C3 /* StorageManager.swift in Sources */ = {isa = PBXBuildFile; fileRef = 50CD69A31FFE3E2C000EC9C3 /* StorageManager.swift */; };
		50CD69A61FFE3EFD000EC9C3 /* Book+CoreData.swift in Sources */ = {isa = PBXBuildFile; fileRef = 50CD69A51FFE3EFD000EC9C3 /* Book+CoreData.swift */; };
		50CD69A81FFF7DFE000EC9C3 /* BookTableViewCell.swift in Sources */ = {isa = PBXBuildFile; fileRef = 50CD69A71FFF7DFE000EC9C3 /* BookTableViewCell.swift */; };
/* End PBXBuildFile section */

/* Begin PBXFileReference section */
		5036BBA2200357B200B73300 /* IImageDownloaderService.swift */ = {isa = PBXFileReference; lastKnownFileType = sourcecode.swift; path = IImageDownloaderService.swift; sourceTree = "<group>"; };
		5036BBA4200358B800B73300 /* ImageDownloader.swift */ = {isa = PBXFileReference; lastKnownFileType = sourcecode.swift; path = ImageDownloader.swift; sourceTree = "<group>"; };
		507DD49C2003F95C0015098C /* DataSource.swift */ = {isa = PBXFileReference; lastKnownFileType = sourcecode.swift; path = DataSource.swift; sourceTree = "<group>"; };
		50BA05D520042B58006804E1 /* README.md */ = {isa = PBXFileReference; lastKnownFileType = net.daringfireball.markdown; path = README.md; sourceTree = "<group>"; };
		50CD69751FFC19C9000EC9C3 /* HBooks.app */ = {isa = PBXFileReference; explicitFileType = wrapper.application; includeInIndex = 0; path = HBooks.app; sourceTree = BUILT_PRODUCTS_DIR; };
		50CD69781FFC19C9000EC9C3 /* AppDelegate.swift */ = {isa = PBXFileReference; lastKnownFileType = sourcecode.swift; path = AppDelegate.swift; sourceTree = "<group>"; };
		50CD697A1FFC19C9000EC9C3 /* BooksListViewController.swift */ = {isa = PBXFileReference; lastKnownFileType = sourcecode.swift; path = BooksListViewController.swift; sourceTree = "<group>"; };
		50CD697D1FFC19C9000EC9C3 /* Base */ = {isa = PBXFileReference; lastKnownFileType = file.storyboard; name = Base; path = Base.lproj/Main.storyboard; sourceTree = "<group>"; };
		50CD69801FFC19C9000EC9C3 /* HBooks.xcdatamodel */ = {isa = PBXFileReference; lastKnownFileType = wrapper.xcdatamodel; path = HBooks.xcdatamodel; sourceTree = "<group>"; };
		50CD69821FFC19C9000EC9C3 /* Assets.xcassets */ = {isa = PBXFileReference; lastKnownFileType = folder.assetcatalog; path = Assets.xcassets; sourceTree = "<group>"; };
		50CD69851FFC19C9000EC9C3 /* Base */ = {isa = PBXFileReference; lastKnownFileType = file.storyboard; name = Base; path = Base.lproj/LaunchScreen.storyboard; sourceTree = "<group>"; };
		50CD69871FFC19C9000EC9C3 /* Info.plist */ = {isa = PBXFileReference; lastKnownFileType = text.plist.xml; path = Info.plist; sourceTree = "<group>"; };
		50CD698D1FFC1AA4000EC9C3 /* CoreDataStack.swift */ = {isa = PBXFileReference; lastKnownFileType = sourcecode.swift; path = CoreDataStack.swift; sourceTree = "<group>"; };
		50CD69911FFC205A000EC9C3 /* IRequestSender.swift */ = {isa = PBXFileReference; lastKnownFileType = sourcecode.swift; path = IRequestSender.swift; sourceTree = "<group>"; };
		50CD69931FFC207D000EC9C3 /* RequestSender.swift */ = {isa = PBXFileReference; lastKnownFileType = sourcecode.swift; path = RequestSender.swift; sourceTree = "<group>"; };
		50CD69951FFC24DB000EC9C3 /* RequestMaker.swift */ = {isa = PBXFileReference; lastKnownFileType = sourcecode.swift; path = RequestMaker.swift; sourceTree = "<group>"; };
		50CD69991FFC2AE4000EC9C3 /* PopularListParser.swift */ = {isa = PBXFileReference; lastKnownFileType = sourcecode.swift; path = PopularListParser.swift; sourceTree = "<group>"; };
		50CD699B1FFC2FFA000EC9C3 /* RequestsConfigFactory.swift */ = {isa = PBXFileReference; lastKnownFileType = sourcecode.swift; path = RequestsConfigFactory.swift; sourceTree = "<group>"; };
		50CD699D1FFC30F8000EC9C3 /* ListDownloaderService.swift */ = {isa = PBXFileReference; lastKnownFileType = sourcecode.swift; path = ListDownloaderService.swift; sourceTree = "<group>"; };
		50CD699F1FFE33EF000EC9C3 /* String+decodedFromHtml.swift */ = {isa = PBXFileReference; lastKnownFileType = sourcecode.swift; path = "String+decodedFromHtml.swift"; sourceTree = "<group>"; };
		50CD69A11FFE3602000EC9C3 /* MainModel.swift */ = {isa = PBXFileReference; lastKnownFileType = sourcecode.swift; path = MainModel.swift; sourceTree = "<group>"; };
		50CD69A31FFE3E2C000EC9C3 /* StorageManager.swift */ = {isa = PBXFileReference; lastKnownFileType = sourcecode.swift; path = StorageManager.swift; sourceTree = "<group>"; };
		50CD69A51FFE3EFD000EC9C3 /* Book+CoreData.swift */ = {isa = PBXFileReference; lastKnownFileType = sourcecode.swift; path = "Book+CoreData.swift"; sourceTree = "<group>"; };
		50CD69A71FFF7DFE000EC9C3 /* BookTableViewCell.swift */ = {isa = PBXFileReference; lastKnownFileType = sourcecode.swift; path = BookTableViewCell.swift; sourceTree = "<group>"; };
/* End PBXFileReference section */

/* Begin PBXFrameworksBuildPhase section */
		50CD69721FFC19C9000EC9C3 /* Frameworks */ = {
			isa = PBXFrameworksBuildPhase;
			buildActionMask = 2147483647;
			files = (
			);
			runOnlyForDeploymentPostprocessing = 0;
		};
/* End PBXFrameworksBuildPhase section */

/* Begin PBXGroup section */
		50BA05C7200428F6006804E1 /* CoreDataBase */ = {
			isa = PBXGroup;
			children = (
				50CD698D1FFC1AA4000EC9C3 /* CoreDataStack.swift */,
				50CD69A51FFE3EFD000EC9C3 /* Book+CoreData.swift */,
				50CD697F1FFC19C9000EC9C3 /* HBooks.xcdatamodeld */,
			);
			path = CoreDataBase;
			sourceTree = "<group>";
		};
		50BA05C920042946006804E1 /* Networking */ = {
			isa = PBXGroup;
			children = (
				50BA05CB20042973006804E1 /* Parsers */,
				50BA05CC2004298D006804E1 /* RequestSender */,
				50BA05CD200429A6006804E1 /* RequestMaker */,
				5036BBA4200358B800B73300 /* ImageDownloader.swift */,
			);
			path = Networking;
			sourceTree = "<group>";
		};
		50BA05CB20042973006804E1 /* Parsers */ = {
			isa = PBXGroup;
			children = (
				50CD69991FFC2AE4000EC9C3 /* PopularListParser.swift */,
			);
			path = Parsers;
			sourceTree = "<group>";
		};
		50BA05CC2004298D006804E1 /* RequestSender */ = {
			isa = PBXGroup;
			children = (
				50CD69911FFC205A000EC9C3 /* IRequestSender.swift */,
				50CD69931FFC207D000EC9C3 /* RequestSender.swift */,
			);
			path = RequestSender;
			sourceTree = "<group>";
		};
		50BA05CD200429A6006804E1 /* RequestMaker */ = {
			isa = PBXGroup;
			children = (
				50CD699B1FFC2FFA000EC9C3 /* RequestsConfigFactory.swift */,
				50CD69951FFC24DB000EC9C3 /* RequestMaker.swift */,
			);
			path = RequestMaker;
			sourceTree = "<group>";
		};
		50BA05CF200429CD006804E1 /* CoreLayer */ = {
			isa = PBXGroup;
			children = (
				50BA05C7200428F6006804E1 /* CoreDataBase */,
				50BA05C920042946006804E1 /* Networking */,
			);
			path = CoreLayer;
			sourceTree = "<group>";
		};
		50BA05D020042A10006804E1 /* ServiceLayer */ = {
			isa = PBXGroup;
			children = (
				50CD69A31FFE3E2C000EC9C3 /* StorageManager.swift */,
				5036BBA2200357B200B73300 /* IImageDownloaderService.swift */,
				50CD699D1FFC30F8000EC9C3 /* ListDownloaderService.swift */,
			);
			path = ServiceLayer;
			sourceTree = "<group>";
		};
		50BA05D120042A32006804E1 /* PresentationLayer */ = {
			isa = PBXGroup;
			children = (
				50CD697C1FFC19C9000EC9C3 /* Main.storyboard */,
				50BA05D220042A48006804E1 /* Modules */,
			);
			path = PresentationLayer;
			sourceTree = "<group>";
		};
		50BA05D220042A48006804E1 /* Modules */ = {
			isa = PBXGroup;
			children = (
				50BA05D320042A54006804E1 /* BookList */,
			);
			path = Modules;
			sourceTree = "<group>";
		};
		50BA05D320042A54006804E1 /* BookList */ = {
			isa = PBXGroup;
			children = (
				50CD697A1FFC19C9000EC9C3 /* BooksListViewController.swift */,
				50CD69A11FFE3602000EC9C3 /* MainModel.swift */,
				507DD49C2003F95C0015098C /* DataSource.swift */,
				50CD69A71FFF7DFE000EC9C3 /* BookTableViewCell.swift */,
			);
			path = BookList;
			sourceTree = "<group>";
		};
		50BA05D420042AE1006804E1 /* Extensions */ = {
			isa = PBXGroup;
			children = (
				50CD699F1FFE33EF000EC9C3 /* String+decodedFromHtml.swift */,
			);
			path = Extensions;
			sourceTree = "<group>";
		};
		50CD696C1FFC19C9000EC9C3 = {
			isa = PBXGroup;
			children = (
				50BA05D520042B58006804E1 /* README.md */,
				50CD69771FFC19C9000EC9C3 /* HBooks */,
				50CD69761FFC19C9000EC9C3 /* Products */,
			);
			sourceTree = "<group>";
		};
		50CD69761FFC19C9000EC9C3 /* Products */ = {
			isa = PBXGroup;
			children = (
				50CD69751FFC19C9000EC9C3 /* HBooks.app */,
			);
			name = Products;
			sourceTree = "<group>";
		};
		50CD69771FFC19C9000EC9C3 /* HBooks */ = {
			isa = PBXGroup;
			children = (
				50BA05CF200429CD006804E1 /* CoreLayer */,
				50BA05D020042A10006804E1 /* ServiceLayer */,
				50BA05D120042A32006804E1 /* PresentationLayer */,
				50BA05D420042AE1006804E1 /* Extensions */,
				50CD69821FFC19C9000EC9C3 /* Assets.xcassets */,
				50CD69841FFC19C9000EC9C3 /* LaunchScreen.storyboard */,
				50CD69871FFC19C9000EC9C3 /* Info.plist */,
				50CD69781FFC19C9000EC9C3 /* AppDelegate.swift */,
			);
			path = HBooks;
			sourceTree = "<group>";
		};
/* End PBXGroup section */

/* Begin PBXNativeTarget section */
		50CD69741FFC19C9000EC9C3 /* HBooks */ = {
			isa = PBXNativeTarget;
			buildConfigurationList = 50CD698A1FFC19C9000EC9C3 /* Build configuration list for PBXNativeTarget "HBooks" */;
			buildPhases = (
				50CD69711FFC19C9000EC9C3 /* Sources */,
				50CD69721FFC19C9000EC9C3 /* Frameworks */,
				50CD69731FFC19C9000EC9C3 /* Resources */,
			);
			buildRules = (
			);
			dependencies = (
			);
			name = HBooks;
			productName = HBooks;
			productReference = 50CD69751FFC19C9000EC9C3 /* HBooks.app */;
			productType = "com.apple.product-type.application";
		};
/* End PBXNativeTarget section */

/* Begin PBXProject section */
		50CD696D1FFC19C9000EC9C3 /* Project object */ = {
			isa = PBXProject;
			attributes = {
				LastSwiftUpdateCheck = 0920;
				LastUpgradeCheck = 0920;
				ORGANIZATIONNAME = "Denis Karpenko";
				TargetAttributes = {
					50CD69741FFC19C9000EC9C3 = {
						CreatedOnToolsVersion = 9.2;
						ProvisioningStyle = Automatic;
					};
				};
			};
			buildConfigurationList = 50CD69701FFC19C9000EC9C3 /* Build configuration list for PBXProject "HBooks" */;
			compatibilityVersion = "Xcode 8.0";
			developmentRegion = en;
			hasScannedForEncodings = 0;
			knownRegions = (
				en,
				Base,
			);
			mainGroup = 50CD696C1FFC19C9000EC9C3;
			productRefGroup = 50CD69761FFC19C9000EC9C3 /* Products */;
			projectDirPath = "";
			projectRoot = "";
			targets = (
				50CD69741FFC19C9000EC9C3 /* HBooks */,
			);
		};
/* End PBXProject section */

/* Begin PBXResourcesBuildPhase section */
		50CD69731FFC19C9000EC9C3 /* Resources */ = {
			isa = PBXResourcesBuildPhase;
			buildActionMask = 2147483647;
			files = (
				50CD69861FFC19C9000EC9C3 /* LaunchScreen.storyboard in Resources */,
				50CD69831FFC19C9000EC9C3 /* Assets.xcassets in Resources */,
				50CD697E1FFC19C9000EC9C3 /* Main.storyboard in Resources */,
			);
			runOnlyForDeploymentPostprocessing = 0;
		};
/* End PBXResourcesBuildPhase section */

/* Begin PBXSourcesBuildPhase section */
		50CD69711FFC19C9000EC9C3 /* Sources */ = {
			isa = PBXSourcesBuildPhase;
			buildActionMask = 2147483647;
			files = (
				50CD69A81FFF7DFE000EC9C3 /* BookTableViewCell.swift in Sources */,
				50CD69921FFC205A000EC9C3 /* IRequestSender.swift in Sources */,
				50CD69A21FFE3602000EC9C3 /* MainModel.swift in Sources */,
				50CD69961FFC24DB000EC9C3 /* RequestMaker.swift in Sources */,
				50CD69A41FFE3E2C000EC9C3 /* StorageManager.swift in Sources */,
				50CD697B1FFC19C9000EC9C3 /* BooksListViewController.swift in Sources */,
				50CD69941FFC207D000EC9C3 /* RequestSender.swift in Sources */,
				50CD699C1FFC2FFA000EC9C3 /* RequestsConfigFactory.swift in Sources */,
				50CD69A61FFE3EFD000EC9C3 /* Book+CoreData.swift in Sources */,
				50CD699E1FFC30F8000EC9C3 /* ListDownloaderService.swift in Sources */,
				5036BBA3200357B200B73300 /* IImageDownloaderService.swift in Sources */,
				50CD69791FFC19C9000EC9C3 /* AppDelegate.swift in Sources */,
				507DD49D2003F95C0015098C /* DataSource.swift in Sources */,
				50CD69811FFC19C9000EC9C3 /* HBooks.xcdatamodeld in Sources */,
				50CD698E1FFC1AA4000EC9C3 /* CoreDataStack.swift in Sources */,
				50CD69A01FFE33EF000EC9C3 /* String+decodedFromHtml.swift in Sources */,
				5036BBA5200358B800B73300 /* ImageDownloader.swift in Sources */,
				50CD699A1FFC2AE4000EC9C3 /* PopularListParser.swift in Sources */,
			);
			runOnlyForDeploymentPostprocessing = 0;
		};
/* End PBXSourcesBuildPhase section */

/* Begin PBXVariantGroup section */
		50CD697C1FFC19C9000EC9C3 /* Main.storyboard */ = {
			isa = PBXVariantGroup;
			children = (
				50CD697D1FFC19C9000EC9C3 /* Base */,
			);
			name = Main.storyboard;
			sourceTree = "<group>";
		};
		50CD69841FFC19C9000EC9C3 /* LaunchScreen.storyboard */ = {
			isa = PBXVariantGroup;
			children = (
				50CD69851FFC19C9000EC9C3 /* Base */,
			);
			name = LaunchScreen.storyboard;
			sourceTree = "<group>";
		};
/* End PBXVariantGroup section */

/* Begin XCBuildConfiguration section */
		50CD69881FFC19C9000EC9C3 /* Debug */ = {
			isa = XCBuildConfiguration;
			buildSettings = {
				ALWAYS_SEARCH_USER_PATHS = NO;
				CLANG_ANALYZER_NONNULL = YES;
				CLANG_ANALYZER_NUMBER_OBJECT_CONVERSION = YES_AGGRESSIVE;
				CLANG_CXX_LANGUAGE_STANDARD = "gnu++14";
				CLANG_CXX_LIBRARY = "libc++";
				CLANG_ENABLE_MODULES = YES;
				CLANG_ENABLE_OBJC_ARC = YES;
				CLANG_WARN_BLOCK_CAPTURE_AUTORELEASING = YES;
				CLANG_WARN_BOOL_CONVERSION = YES;
				CLANG_WARN_COMMA = YES;
				CLANG_WARN_CONSTANT_CONVERSION = YES;
				CLANG_WARN_DIRECT_OBJC_ISA_USAGE = YES_ERROR;
				CLANG_WARN_DOCUMENTATION_COMMENTS = YES;
				CLANG_WARN_EMPTY_BODY = YES;
				CLANG_WARN_ENUM_CONVERSION = YES;
				CLANG_WARN_INFINITE_RECURSION = YES;
				CLANG_WARN_INT_CONVERSION = YES;
				CLANG_WARN_NON_LITERAL_NULL_CONVERSION = YES;
				CLANG_WARN_OBJC_LITERAL_CONVERSION = YES;
				CLANG_WARN_OBJC_ROOT_CLASS = YES_ERROR;
				CLANG_WARN_RANGE_LOOP_ANALYSIS = YES;
				CLANG_WARN_STRICT_PROTOTYPES = YES;
				CLANG_WARN_SUSPICIOUS_MOVE = YES;
				CLANG_WARN_UNGUARDED_AVAILABILITY = YES_AGGRESSIVE;
				CLANG_WARN_UNREACHABLE_CODE = YES;
				CLANG_WARN__DUPLICATE_METHOD_MATCH = YES;
				CODE_SIGN_IDENTITY = "iPhone Developer";
				COPY_PHASE_STRIP = NO;
				DEBUG_INFORMATION_FORMAT = dwarf;
				ENABLE_STRICT_OBJC_MSGSEND = YES;
				ENABLE_TESTABILITY = YES;
				GCC_C_LANGUAGE_STANDARD = gnu11;
				GCC_DYNAMIC_NO_PIC = NO;
				GCC_NO_COMMON_BLOCKS = YES;
				GCC_OPTIMIZATION_LEVEL = 0;
				GCC_PREPROCESSOR_DEFINITIONS = (
					"DEBUG=1",
					"$(inherited)",
				);
				GCC_WARN_64_TO_32_BIT_CONVERSION = YES;
				GCC_WARN_ABOUT_RETURN_TYPE = YES_ERROR;
				GCC_WARN_UNDECLARED_SELECTOR = YES;
				GCC_WARN_UNINITIALIZED_AUTOS = YES_AGGRESSIVE;
				GCC_WARN_UNUSED_FUNCTION = YES;
				GCC_WARN_UNUSED_VARIABLE = YES;
				IPHONEOS_DEPLOYMENT_TARGET = 11.2;
				MTL_ENABLE_DEBUG_INFO = YES;
				ONLY_ACTIVE_ARCH = YES;
				SDKROOT = iphoneos;
				SWIFT_ACTIVE_COMPILATION_CONDITIONS = DEBUG;
				SWIFT_OPTIMIZATION_LEVEL = "-Onone";
			};
			name = Debug;
		};
		50CD69891FFC19C9000EC9C3 /* Release */ = {
			isa = XCBuildConfiguration;
			buildSettings = {
				ALWAYS_SEARCH_USER_PATHS = NO;
				CLANG_ANALYZER_NONNULL = YES;
				CLANG_ANALYZER_NUMBER_OBJECT_CONVERSION = YES_AGGRESSIVE;
				CLANG_CXX_LANGUAGE_STANDARD = "gnu++14";
				CLANG_CXX_LIBRARY = "libc++";
				CLANG_ENABLE_MODULES = YES;
				CLANG_ENABLE_OBJC_ARC = YES;
				CLANG_WARN_BLOCK_CAPTURE_AUTORELEASING = YES;
				CLANG_WARN_BOOL_CONVERSION = YES;
				CLANG_WARN_COMMA = YES;
				CLANG_WARN_CONSTANT_CONVERSION = YES;
				CLANG_WARN_DIRECT_OBJC_ISA_USAGE = YES_ERROR;
				CLANG_WARN_DOCUMENTATION_COMMENTS = YES;
				CLANG_WARN_EMPTY_BODY = YES;
				CLANG_WARN_ENUM_CONVERSION = YES;
				CLANG_WARN_INFINITE_RECURSION = YES;
				CLANG_WARN_INT_CONVERSION = YES;
				CLANG_WARN_NON_LITERAL_NULL_CONVERSION = YES;
				CLANG_WARN_OBJC_LITERAL_CONVERSION = YES;
				CLANG_WARN_OBJC_ROOT_CLASS = YES_ERROR;
				CLANG_WARN_RANGE_LOOP_ANALYSIS = YES;
				CLANG_WARN_STRICT_PROTOTYPES = YES;
				CLANG_WARN_SUSPICIOUS_MOVE = YES;
				CLANG_WARN_UNGUARDED_AVAILABILITY = YES_AGGRESSIVE;
				CLANG_WARN_UNREACHABLE_CODE = YES;
				CLANG_WARN__DUPLICATE_METHOD_MATCH = YES;
				CODE_SIGN_IDENTITY = "iPhone Developer";
				COPY_PHASE_STRIP = NO;
				DEBUG_INFORMATION_FORMAT = "dwarf-with-dsym";
				ENABLE_NS_ASSERTIONS = NO;
				ENABLE_STRICT_OBJC_MSGSEND = YES;
				GCC_C_LANGUAGE_STANDARD = gnu11;
				GCC_NO_COMMON_BLOCKS = YES;
				GCC_WARN_64_TO_32_BIT_CONVERSION = YES;
				GCC_WARN_ABOUT_RETURN_TYPE = YES_ERROR;
				GCC_WARN_UNDECLARED_SELECTOR = YES;
				GCC_WARN_UNINITIALIZED_AUTOS = YES_AGGRESSIVE;
				GCC_WARN_UNUSED_FUNCTION = YES;
				GCC_WARN_UNUSED_VARIABLE = YES;
				IPHONEOS_DEPLOYMENT_TARGET = 11.2;
				MTL_ENABLE_DEBUG_INFO = NO;
				SDKROOT = iphoneos;
				SWIFT_OPTIMIZATION_LEVEL = "-Owholemodule";
				VALIDATE_PRODUCT = YES;
			};
			name = Release;
		};
		50CD698B1FFC19C9000EC9C3 /* Debug */ = {
			isa = XCBuildConfiguration;
			buildSettings = {
				ASSETCATALOG_COMPILER_APPICON_NAME = AppIcon;
				CODE_SIGN_STYLE = Automatic;
				DEVELOPMENT_TEAM = X96WC7QB45;
				INFOPLIST_FILE = HBooks/Info.plist;
				IPHONEOS_DEPLOYMENT_TARGET = 9.0;
				LD_RUNPATH_SEARCH_PATHS = "$(inherited) @executable_path/Frameworks";
				PRODUCT_BUNDLE_IDENTIFIER = ddwq.HBooks;
				PRODUCT_NAME = "$(TARGET_NAME)";
				SWIFT_VERSION = 4.0;
				TARGETED_DEVICE_FAMILY = 1;
			};
			name = Debug;
		};
		50CD698C1FFC19C9000EC9C3 /* Release */ = {
			isa = XCBuildConfiguration;
			buildSettings = {
				ASSETCATALOG_COMPILER_APPICON_NAME = AppIcon;
				CODE_SIGN_STYLE = Automatic;
				DEVELOPMENT_TEAM = X96WC7QB45;
				INFOPLIST_FILE = HBooks/Info.plist;
				IPHONEOS_DEPLOYMENT_TARGET = 9.0;
				LD_RUNPATH_SEARCH_PATHS = "$(inherited) @executable_path/Frameworks";
				PRODUCT_BUNDLE_IDENTIFIER = ddwq.HBooks;
				PRODUCT_NAME = "$(TARGET_NAME)";
				SWIFT_VERSION = 4.0;
				TARGETED_DEVICE_FAMILY = 1;
			};
			name = Release;
		};
/* End XCBuildConfiguration section */

/* Begin XCConfigurationList section */
		50CD69701FFC19C9000EC9C3 /* Build configuration list for PBXProject "HBooks" */ = {
			isa = XCConfigurationList;
			buildConfigurations = (
				50CD69881FFC19C9000EC9C3 /* Debug */,
				50CD69891FFC19C9000EC9C3 /* Release */,
			);
			defaultConfigurationIsVisible = 0;
			defaultConfigurationName = Release;
		};
		50CD698A1FFC19C9000EC9C3 /* Build configuration list for PBXNativeTarget "HBooks" */ = {
			isa = XCConfigurationList;
			buildConfigurations = (
				50CD698B1FFC19C9000EC9C3 /* Debug */,
				50CD698C1FFC19C9000EC9C3 /* Release */,
			);
			defaultConfigurationIsVisible = 0;
			defaultConfigurationName = Release;
		};
/* End XCConfigurationList section */

/* Begin XCVersionGroup section */
		50CD697F1FFC19C9000EC9C3 /* HBooks.xcdatamodeld */ = {
			isa = XCVersionGroup;
			children = (
				50CD69801FFC19C9000EC9C3 /* HBooks.xcdatamodel */,
			);
			currentVersion = 50CD69801FFC19C9000EC9C3 /* HBooks.xcdatamodel */;
			path = HBooks.xcdatamodeld;
			sourceTree = "<group>";
			versionGroupType = wrapper.xcdatamodel;
		};
/* End XCVersionGroup section */
	};
	rootObject = 50CD696D1FFC19C9000EC9C3 /* Project object */;
}
